
Microsoft Visual Studio Solution File, Format Version 12.00
# Visual Studio Version 16
VisualStudioVersion = 16.0.30907.101
MinimumVisualStudioVersion = 10.0.40219.1
Project("{9A19103F-16F7-4668-BE54-9A1E7A4F7556}") = "LANBackend", "LANBackend\LANBackend.csproj", "{2120B5CD-5DE1-48D0-8901-F84A10CE9D51}"
EndProject
Global
	GlobalSection(SolutionConfigurationPlatforms) = preSolution
		Debug|Any CPU = Debug|Any CPU
		Release|Any CPU = Release|Any CPU
	EndGlobalSection
	GlobalSection(ProjectConfigurationPlatforms) = postSolution
		{2120B5CD-5DE1-48D0-8901-F84A10CE9D51}.Debug|Any CPU.ActiveCfg = Debug|Any CPU
		{2120B5CD-5DE1-48D0-8901-F84A10CE9D51}.Debug|Any CPU.Build.0 = Debug|Any CPU
		{2120B5CD-5DE1-48D0-8901-F84A10CE9D51}.Release|Any CPU.ActiveCfg = Release|Any CPU
		{2120B5CD-5DE1-48D0-8901-F84A10CE9D51}.Release|Any CPU.Build.0 = Release|Any CPU
	EndGlobalSection
	GlobalSection(SolutionProperties) = preSolution
		HideSolutionNode = FALSE
	EndGlobalSection
	GlobalSection(ExtensibilityGlobals) = postSolution
		SolutionGuid = {3B5D9F61-9800-432E-8D52-6BD14D8A1D38}
	EndGlobalSection
EndGlobal
