
Microsoft Visual Studio Solution File, Format Version 12.00
# Visual Studio Version 16
VisualStudioVersion = 16.0.30907.101
MinimumVisualStudioVersion = 10.0.40219.1
Project("{9A19103F-16F7-4668-BE54-9A1E7A4F7556}") = "LANBackend", "LANBackend\LANBackend.csproj", "{2120B5CD-5DE1-48D0-8901-F84A10CE9D51}"
EndProject
Project("{9A19103F-16F7-4668-BE54-9A1E7A4F7556}") = "LAN_DAL", "LAN_DAL\LAN_DAL.csproj", "{3CD9C835-4211-4796-B216-B33825D57C8C}"
EndProject
Project("{9A19103F-16F7-4668-BE54-9A1E7A4F7556}") = "LAN_IDAL", "LAN_IDAL\LAN_IDAL.csproj", "{AC129F25-449D-42F1-B184-D80737E8A6E8}"
EndProject
Project("{9A19103F-16F7-4668-BE54-9A1E7A4F7556}") = "LAN_LOGIC", "LAN_LOGIC\LAN_LOGIC.csproj", "{FD6F8E49-91B3-4540-AA79-34309F041128}"
EndProject
Project("{9A19103F-16F7-4668-BE54-9A1E7A4F7556}") = "LAN_ILOGIC", "LAN_ILOGIC\LAN_ILOGIC.csproj", "{86931C71-1548-4070-B68E-952F1FE141D2}"
EndProject
Project("{9A19103F-16F7-4668-BE54-9A1E7A4F7556}") = "LAN_Enums", "LAN_Enums\LAN_Enums.csproj", "{BFD88207-269A-47A5-BD79-26866F01B9D3}"
EndProject
Project("{9A19103F-16F7-4668-BE54-9A1E7A4F7556}") = "LAN_DTO", "LAN_DTO\LAN_DTO.csproj", "{A18A47C9-CF96-49EC-944C-A8E15F9ADAE4}"
EndProject
Project("{FAE04EC0-301F-11D3-BF4B-00C04F79EFBC}") = "LAN_Tests", "LAN_Tests\LAN_Tests.csproj", "{81D0879D-575B-4D86-A936-D95DCC602AD2}"
	ProjectSection(ProjectDependencies) = postProject
		{BFD88207-269A-47A5-BD79-26866F01B9D3} = {BFD88207-269A-47A5-BD79-26866F01B9D3}
		{AC129F25-449D-42F1-B184-D80737E8A6E8} = {AC129F25-449D-42F1-B184-D80737E8A6E8}
		{3CD9C835-4211-4796-B216-B33825D57C8C} = {3CD9C835-4211-4796-B216-B33825D57C8C}
		{FD6F8E49-91B3-4540-AA79-34309F041128} = {FD6F8E49-91B3-4540-AA79-34309F041128}
		{86931C71-1548-4070-B68E-952F1FE141D2} = {86931C71-1548-4070-B68E-952F1FE141D2}
		{A18A47C9-CF96-49EC-944C-A8E15F9ADAE4} = {A18A47C9-CF96-49EC-944C-A8E15F9ADAE4}
		{2120B5CD-5DE1-48D0-8901-F84A10CE9D51} = {2120B5CD-5DE1-48D0-8901-F84A10CE9D51}
	EndProjectSection
EndProject
Global
	GlobalSection(SolutionConfigurationPlatforms) = preSolution
		Debug|Any CPU = Debug|Any CPU
		Release|Any CPU = Release|Any CPU
	EndGlobalSection
	GlobalSection(ProjectConfigurationPlatforms) = postSolution
		{2120B5CD-5DE1-48D0-8901-F84A10CE9D51}.Debug|Any CPU.ActiveCfg = Debug|Any CPU
		{2120B5CD-5DE1-48D0-8901-F84A10CE9D51}.Debug|Any CPU.Build.0 = Debug|Any CPU
		{2120B5CD-5DE1-48D0-8901-F84A10CE9D51}.Release|Any CPU.ActiveCfg = Release|Any CPU
		{2120B5CD-5DE1-48D0-8901-F84A10CE9D51}.Release|Any CPU.Build.0 = Release|Any CPU
		{3CD9C835-4211-4796-B216-B33825D57C8C}.Debug|Any CPU.ActiveCfg = Debug|Any CPU
		{3CD9C835-4211-4796-B216-B33825D57C8C}.Debug|Any CPU.Build.0 = Debug|Any CPU
		{3CD9C835-4211-4796-B216-B33825D57C8C}.Release|Any CPU.ActiveCfg = Release|Any CPU
		{3CD9C835-4211-4796-B216-B33825D57C8C}.Release|Any CPU.Build.0 = Release|Any CPU
		{AC129F25-449D-42F1-B184-D80737E8A6E8}.Debug|Any CPU.ActiveCfg = Debug|Any CPU
		{AC129F25-449D-42F1-B184-D80737E8A6E8}.Debug|Any CPU.Build.0 = Debug|Any CPU
		{AC129F25-449D-42F1-B184-D80737E8A6E8}.Release|Any CPU.ActiveCfg = Release|Any CPU
		{AC129F25-449D-42F1-B184-D80737E8A6E8}.Release|Any CPU.Build.0 = Release|Any CPU
		{FD6F8E49-91B3-4540-AA79-34309F041128}.Debug|Any CPU.ActiveCfg = Debug|Any CPU
		{FD6F8E49-91B3-4540-AA79-34309F041128}.Debug|Any CPU.Build.0 = Debug|Any CPU
		{FD6F8E49-91B3-4540-AA79-34309F041128}.Release|Any CPU.ActiveCfg = Release|Any CPU
		{FD6F8E49-91B3-4540-AA79-34309F041128}.Release|Any CPU.Build.0 = Release|Any CPU
		{86931C71-1548-4070-B68E-952F1FE141D2}.Debug|Any CPU.ActiveCfg = Debug|Any CPU
		{86931C71-1548-4070-B68E-952F1FE141D2}.Debug|Any CPU.Build.0 = Debug|Any CPU
		{86931C71-1548-4070-B68E-952F1FE141D2}.Release|Any CPU.ActiveCfg = Release|Any CPU
		{86931C71-1548-4070-B68E-952F1FE141D2}.Release|Any CPU.Build.0 = Release|Any CPU
		{BFD88207-269A-47A5-BD79-26866F01B9D3}.Debug|Any CPU.ActiveCfg = Debug|Any CPU
		{BFD88207-269A-47A5-BD79-26866F01B9D3}.Debug|Any CPU.Build.0 = Debug|Any CPU
		{BFD88207-269A-47A5-BD79-26866F01B9D3}.Release|Any CPU.ActiveCfg = Release|Any CPU
		{BFD88207-269A-47A5-BD79-26866F01B9D3}.Release|Any CPU.Build.0 = Release|Any CPU
		{A18A47C9-CF96-49EC-944C-A8E15F9ADAE4}.Debug|Any CPU.ActiveCfg = Debug|Any CPU
		{A18A47C9-CF96-49EC-944C-A8E15F9ADAE4}.Debug|Any CPU.Build.0 = Debug|Any CPU
		{A18A47C9-CF96-49EC-944C-A8E15F9ADAE4}.Release|Any CPU.ActiveCfg = Release|Any CPU
		{A18A47C9-CF96-49EC-944C-A8E15F9ADAE4}.Release|Any CPU.Build.0 = Release|Any CPU
		{81D0879D-575B-4D86-A936-D95DCC602AD2}.Debug|Any CPU.ActiveCfg = Debug|Any CPU
		{81D0879D-575B-4D86-A936-D95DCC602AD2}.Debug|Any CPU.Build.0 = Debug|Any CPU
		{81D0879D-575B-4D86-A936-D95DCC602AD2}.Release|Any CPU.ActiveCfg = Release|Any CPU
		{81D0879D-575B-4D86-A936-D95DCC602AD2}.Release|Any CPU.Build.0 = Release|Any CPU
	EndGlobalSection
	GlobalSection(SolutionProperties) = preSolution
		HideSolutionNode = FALSE
	EndGlobalSection
	GlobalSection(ExtensibilityGlobals) = postSolution
		SolutionGuid = {3B5D9F61-9800-432E-8D52-6BD14D8A1D38}
	EndGlobalSection
EndGlobal
